// !$*UTF8*$!
{
	archiveVersion = 1;
	classes = {
	};
	objectVersion = 50;
	objects = {

/* Begin PBXBuildFile section */
		3C212D712522851200B03A05 /* AppDelegate.m in Sources */ = {isa = PBXBuildFile; fileRef = 3C212D702522851200B03A05 /* AppDelegate.m */; };
		3C212D742522851200B03A05 /* SceneDelegate.m in Sources */ = {isa = PBXBuildFile; fileRef = 3C212D732522851200B03A05 /* SceneDelegate.m */; };
		3C212D7A2522851200B03A05 /* Main.storyboard in Resources */ = {isa = PBXBuildFile; fileRef = 3C212D782522851200B03A05 /* Main.storyboard */; };
		3C212D7C2522851300B03A05 /* Assets.xcassets in Resources */ = {isa = PBXBuildFile; fileRef = 3C212D7B2522851300B03A05 /* Assets.xcassets */; };
		3C212D7F2522851300B03A05 /* LaunchScreen.storyboard in Resources */ = {isa = PBXBuildFile; fileRef = 3C212D7D2522851300B03A05 /* LaunchScreen.storyboard */; };
		3C212D822522851300B03A05 /* main.m in Sources */ = {isa = PBXBuildFile; fileRef = 3C212D812522851300B03A05 /* main.m */; };
		3C212D962522886C00B03A05 /* JKEntryListTableViewController.m in Sources */ = {isa = PBXBuildFile; fileRef = 3C212D952522886C00B03A05 /* JKEntryListTableViewController.m */; };
		3C212D9A2522888600B03A05 /* JKEntryDetailViewController.m in Sources */ = {isa = PBXBuildFile; fileRef = 3C212D992522888600B03A05 /* JKEntryDetailViewController.m */; };
		3C212D9E2522890800B03A05 /* JKEntry.m in Sources */ = {isa = PBXBuildFile; fileRef = 3C212D9D2522890800B03A05 /* JKEntry.m */; };
		3C212DA2252289BC00B03A05 /* JKEntryController.m in Sources */ = {isa = PBXBuildFile; fileRef = 3C212DA1252289BC00B03A05 /* JKEntryController.m */; };
/* End PBXBuildFile section */

/* Begin PBXFileReference section */
		3C212D6C2522851200B03A05 /* Journal-ObjC.app */ = {isa = PBXFileReference; explicitFileType = wrapper.application; includeInIndex = 0; path = "Journal-ObjC.app"; sourceTree = BUILT_PRODUCTS_DIR; };
		3C212D6F2522851200B03A05 /* AppDelegate.h */ = {isa = PBXFileReference; lastKnownFileType = sourcecode.c.h; path = AppDelegate.h; sourceTree = "<group>"; };
		3C212D702522851200B03A05 /* AppDelegate.m */ = {isa = PBXFileReference; lastKnownFileType = sourcecode.c.objc; path = AppDelegate.m; sourceTree = "<group>"; };
		3C212D722522851200B03A05 /* SceneDelegate.h */ = {isa = PBXFileReference; lastKnownFileType = sourcecode.c.h; path = SceneDelegate.h; sourceTree = "<group>"; };
		3C212D732522851200B03A05 /* SceneDelegate.m */ = {isa = PBXFileReference; lastKnownFileType = sourcecode.c.objc; path = SceneDelegate.m; sourceTree = "<group>"; };
		3C212D792522851200B03A05 /* Base */ = {isa = PBXFileReference; lastKnownFileType = file.storyboard; name = Base; path = Base.lproj/Main.storyboard; sourceTree = "<group>"; };
		3C212D7B2522851300B03A05 /* Assets.xcassets */ = {isa = PBXFileReference; lastKnownFileType = folder.assetcatalog; path = Assets.xcassets; sourceTree = "<group>"; };
		3C212D7E2522851300B03A05 /* Base */ = {isa = PBXFileReference; lastKnownFileType = file.storyboard; name = Base; path = Base.lproj/LaunchScreen.storyboard; sourceTree = "<group>"; };
		3C212D802522851300B03A05 /* Info.plist */ = {isa = PBXFileReference; lastKnownFileType = text.plist.xml; path = Info.plist; sourceTree = "<group>"; };
		3C212D812522851300B03A05 /* main.m */ = {isa = PBXFileReference; lastKnownFileType = sourcecode.c.objc; path = main.m; sourceTree = "<group>"; };
		3C212D942522886C00B03A05 /* JKEntryListTableViewController.h */ = {isa = PBXFileReference; lastKnownFileType = sourcecode.c.h; path = JKEntryListTableViewController.h; sourceTree = "<group>"; };
		3C212D952522886C00B03A05 /* JKEntryListTableViewController.m */ = {isa = PBXFileReference; lastKnownFileType = sourcecode.c.objc; path = JKEntryListTableViewController.m; sourceTree = "<group>"; };
		3C212D982522888600B03A05 /* JKEntryDetailViewController.h */ = {isa = PBXFileReference; lastKnownFileType = sourcecode.c.h; path = JKEntryDetailViewController.h; sourceTree = "<group>"; };
		3C212D992522888600B03A05 /* JKEntryDetailViewController.m */ = {isa = PBXFileReference; lastKnownFileType = sourcecode.c.objc; path = JKEntryDetailViewController.m; sourceTree = "<group>"; };
		3C212D9C2522890800B03A05 /* JKEntry.h */ = {isa = PBXFileReference; lastKnownFileType = sourcecode.c.h; path = JKEntry.h; sourceTree = "<group>"; };
		3C212D9D2522890800B03A05 /* JKEntry.m */ = {isa = PBXFileReference; lastKnownFileType = sourcecode.c.objc; path = JKEntry.m; sourceTree = "<group>"; };
		3C212DA0252289BC00B03A05 /* JKEntryController.h */ = {isa = PBXFileReference; lastKnownFileType = sourcecode.c.h; path = JKEntryController.h; sourceTree = "<group>"; };
		3C212DA1252289BC00B03A05 /* JKEntryController.m */ = {isa = PBXFileReference; lastKnownFileType = sourcecode.c.objc; path = JKEntryController.m; sourceTree = "<group>"; };
/* End PBXFileReference section */

/* Begin PBXFrameworksBuildPhase section */
		3C212D692522851200B03A05 /* Frameworks */ = {
			isa = PBXFrameworksBuildPhase;
			buildActionMask = 2147483647;
			files = (
			);
			runOnlyForDeploymentPostprocessing = 0;
		};
/* End PBXFrameworksBuildPhase section */

/* Begin PBXGroup section */
		3C212D632522851200B03A05 = {
			isa = PBXGroup;
			children = (
				3C212D6E2522851200B03A05 /* Journal-ObjC */,
				3C212D6D2522851200B03A05 /* Products */,
			);
			sourceTree = "<group>";
		};
		3C212D6D2522851200B03A05 /* Products */ = {
			isa = PBXGroup;
			children = (
				3C212D6C2522851200B03A05 /* Journal-ObjC.app */,
			);
			name = Products;
			sourceTree = "<group>";
		};
		3C212D6E2522851200B03A05 /* Journal-ObjC */ = {
			isa = PBXGroup;
			children = (
				3C212D8C2522859600B03A05 /* Models */,
				3C212D8B2522859100B03A05 /* Views */,
				3C212D8A2522858B00B03A05 /* Controllers */,
				3C212D892522858200B03A05 /* Resources */,
				3C212D782522851200B03A05 /* Main.storyboard */,
			);
			path = "Journal-ObjC";
			sourceTree = "<group>";
		};
		3C212D892522858200B03A05 /* Resources */ = {
			isa = PBXGroup;
			children = (
				3C212D6F2522851200B03A05 /* AppDelegate.h */,
				3C212D702522851200B03A05 /* AppDelegate.m */,
				3C212D722522851200B03A05 /* SceneDelegate.h */,
				3C212D732522851200B03A05 /* SceneDelegate.m */,
				3C212D7B2522851300B03A05 /* Assets.xcassets */,
				3C212D7D2522851300B03A05 /* LaunchScreen.storyboard */,
				3C212D802522851300B03A05 /* Info.plist */,
				3C212D812522851300B03A05 /* main.m */,
			);
			path = Resources;
			sourceTree = "<group>";
		};
		3C212D8A2522858B00B03A05 /* Controllers */ = {
			isa = PBXGroup;
			children = (
				3C212D8E252285AA00B03A05 /* ModelControllers */,
				3C212D8D252285A400B03A05 /* ViewControllers */,
			);
			path = Controllers;
			sourceTree = "<group>";
		};
		3C212D8B2522859100B03A05 /* Views */ = {
			isa = PBXGroup;
			children = (
			);
			path = Views;
			sourceTree = "<group>";
		};
		3C212D8C2522859600B03A05 /* Models */ = {
			isa = PBXGroup;
			children = (
				3C212D9C2522890800B03A05 /* JKEntry.h */,
				3C212D9D2522890800B03A05 /* JKEntry.m */,
			);
			path = Models;
			sourceTree = "<group>";
		};
		3C212D8D252285A400B03A05 /* ViewControllers */ = {
			isa = PBXGroup;
			children = (
				3C212D942522886C00B03A05 /* JKEntryListTableViewController.h */,
				3C212D952522886C00B03A05 /* JKEntryListTableViewController.m */,
				3C212D982522888600B03A05 /* JKEntryDetailViewController.h */,
				3C212D992522888600B03A05 /* JKEntryDetailViewController.m */,
			);
			path = ViewControllers;
			sourceTree = "<group>";
		};
		3C212D8E252285AA00B03A05 /* ModelControllers */ = {
			isa = PBXGroup;
			children = (
				3C212DA0252289BC00B03A05 /* JKEntryController.h */,
				3C212DA1252289BC00B03A05 /* JKEntryController.m */,
			);
			path = ModelControllers;
			sourceTree = "<group>";
		};
/* End PBXGroup section */

/* Begin PBXNativeTarget section */
		3C212D6B2522851200B03A05 /* Journal-ObjC */ = {
			isa = PBXNativeTarget;
			buildConfigurationList = 3C212D852522851300B03A05 /* Build configuration list for PBXNativeTarget "Journal-ObjC" */;
			buildPhases = (
				3C212D682522851200B03A05 /* Sources */,
				3C212D692522851200B03A05 /* Frameworks */,
				3C212D6A2522851200B03A05 /* Resources */,
			);
			buildRules = (
			);
			dependencies = (
			);
			name = "Journal-ObjC";
			productName = "Journal-ObjC";
			productReference = 3C212D6C2522851200B03A05 /* Journal-ObjC.app */;
			productType = "com.apple.product-type.application";
		};
/* End PBXNativeTarget section */

/* Begin PBXProject section */
		3C212D642522851200B03A05 /* Project object */ = {
			isa = PBXProject;
			attributes = {
				LastUpgradeCheck = 1200;
				TargetAttributes = {
					3C212D6B2522851200B03A05 = {
						CreatedOnToolsVersion = 12.0;
					};
				};
			};
			buildConfigurationList = 3C212D672522851200B03A05 /* Build configuration list for PBXProject "Journal-ObjC" */;
			compatibilityVersion = "Xcode 9.3";
			developmentRegion = en;
			hasScannedForEncodings = 0;
			knownRegions = (
				en,
				Base,
			);
			mainGroup = 3C212D632522851200B03A05;
			productRefGroup = 3C212D6D2522851200B03A05 /* Products */;
			projectDirPath = "";
			projectRoot = "";
			targets = (
				3C212D6B2522851200B03A05 /* Journal-ObjC */,
			);
		};
/* End PBXProject section */

/* Begin PBXResourcesBuildPhase section */
		3C212D6A2522851200B03A05 /* Resources */ = {
			isa = PBXResourcesBuildPhase;
			buildActionMask = 2147483647;
			files = (
				3C212D7F2522851300B03A05 /* LaunchScreen.storyboard in Resources */,
				3C212D7C2522851300B03A05 /* Assets.xcassets in Resources */,
				3C212D7A2522851200B03A05 /* Main.storyboard in Resources */,
			);
			runOnlyForDeploymentPostprocessing = 0;
		};
/* End PBXResourcesBuildPhase section */

/* Begin PBXSourcesBuildPhase section */
		3C212D682522851200B03A05 /* Sources */ = {
			isa = PBXSourcesBuildPhase;
			buildActionMask = 2147483647;
			files = (
				3C212DA2252289BC00B03A05 /* JKEntryController.m in Sources */,
				3C212D9E2522890800B03A05 /* JKEntry.m in Sources */,
				3C212D9A2522888600B03A05 /* JKEntryDetailViewController.m in Sources */,
				3C212D712522851200B03A05 /* AppDelegate.m in Sources */,
				3C212D822522851300B03A05 /* main.m in Sources */,
				3C212D742522851200B03A05 /* SceneDelegate.m in Sources */,
				3C212D962522886C00B03A05 /* JKEntryListTableViewController.m in Sources */,
			);
			runOnlyForDeploymentPostprocessing = 0;
		};
/* End PBXSourcesBuildPhase section */

/* Begin PBXVariantGroup section */
		3C212D782522851200B03A05 /* Main.storyboard */ = {
			isa = PBXVariantGroup;
			children = (
				3C212D792522851200B03A05 /* Base */,
			);
			name = Main.storyboard;
			sourceTree = "<group>";
		};
		3C212D7D2522851300B03A05 /* LaunchScreen.storyboard */ = {
			isa = PBXVariantGroup;
			children = (
				3C212D7E2522851300B03A05 /* Base */,
			);
			name = LaunchScreen.storyboard;
			sourceTree = "<group>";
		};
/* End PBXVariantGroup section */

/* Begin XCBuildConfiguration section */
		3C212D832522851300B03A05 /* Debug */ = {
			isa = XCBuildConfiguration;
			buildSettings = {
				ALWAYS_SEARCH_USER_PATHS = NO;
				CLANG_ANALYZER_NONNULL = YES;
				CLANG_ANALYZER_NUMBER_OBJECT_CONVERSION = YES_AGGRESSIVE;
				CLANG_CXX_LANGUAGE_STANDARD = "gnu++14";
				CLANG_CXX_LIBRARY = "libc++";
				CLANG_ENABLE_MODULES = YES;
				CLANG_ENABLE_OBJC_ARC = YES;
				CLANG_ENABLE_OBJC_WEAK = YES;
				CLANG_WARN_BLOCK_CAPTURE_AUTORELEASING = YES;
				CLANG_WARN_BOOL_CONVERSION = YES;
				CLANG_WARN_COMMA = YES;
				CLANG_WARN_CONSTANT_CONVERSION = YES;
				CLANG_WARN_DEPRECATED_OBJC_IMPLEMENTATIONS = YES;
				CLANG_WARN_DIRECT_OBJC_ISA_USAGE = YES_ERROR;
				CLANG_WARN_DOCUMENTATION_COMMENTS = YES;
				CLANG_WARN_EMPTY_BODY = YES;
				CLANG_WARN_ENUM_CONVERSION = YES;
				CLANG_WARN_INFINITE_RECURSION = YES;
				CLANG_WARN_INT_CONVERSION = YES;
				CLANG_WARN_NON_LITERAL_NULL_CONVERSION = YES;
				CLANG_WARN_OBJC_IMPLICIT_RETAIN_SELF = YES;
				CLANG_WARN_OBJC_LITERAL_CONVERSION = YES;
				CLANG_WARN_OBJC_ROOT_CLASS = YES_ERROR;
				CLANG_WARN_QUOTED_INCLUDE_IN_FRAMEWORK_HEADER = YES;
				CLANG_WARN_RANGE_LOOP_ANALYSIS = YES;
				CLANG_WARN_STRICT_PROTOTYPES = YES;
				CLANG_WARN_SUSPICIOUS_MOVE = YES;
				CLANG_WARN_UNGUARDED_AVAILABILITY = YES_AGGRESSIVE;
				CLANG_WARN_UNREACHABLE_CODE = YES;
				CLANG_WARN__DUPLICATE_METHOD_MATCH = YES;
				COPY_PHASE_STRIP = NO;
				DEBUG_INFORMATION_FORMAT = dwarf;
				ENABLE_STRICT_OBJC_MSGSEND = YES;
				ENABLE_TESTABILITY = YES;
				GCC_C_LANGUAGE_STANDARD = gnu11;
				GCC_DYNAMIC_NO_PIC = NO;
				GCC_NO_COMMON_BLOCKS = YES;
				GCC_OPTIMIZATION_LEVEL = 0;
				GCC_PREPROCESSOR_DEFINITIONS = (
					"DEBUG=1",
					"$(inherited)",
				);
				GCC_WARN_64_TO_32_BIT_CONVERSION = YES;
				GCC_WARN_ABOUT_RETURN_TYPE = YES_ERROR;
				GCC_WARN_UNDECLARED_SELECTOR = YES;
				GCC_WARN_UNINITIALIZED_AUTOS = YES_AGGRESSIVE;
				GCC_WARN_UNUSED_FUNCTION = YES;
				GCC_WARN_UNUSED_VARIABLE = YES;
				IPHONEOS_DEPLOYMENT_TARGET = 14.0;
				MTL_ENABLE_DEBUG_INFO = INCLUDE_SOURCE;
				MTL_FAST_MATH = YES;
				ONLY_ACTIVE_ARCH = YES;
				SDKROOT = iphoneos;
			};
			name = Debug;
		};
		3C212D842522851300B03A05 /* Release */ = {
			isa = XCBuildConfiguration;
			buildSettings = {
				ALWAYS_SEARCH_USER_PATHS = NO;
				CLANG_ANALYZER_NONNULL = YES;
				CLANG_ANALYZER_NUMBER_OBJECT_CONVERSION = YES_AGGRESSIVE;
				CLANG_CXX_LANGUAGE_STANDARD = "gnu++14";
				CLANG_CXX_LIBRARY = "libc++";
				CLANG_ENABLE_MODULES = YES;
				CLANG_ENABLE_OBJC_ARC = YES;
				CLANG_ENABLE_OBJC_WEAK = YES;
				CLANG_WARN_BLOCK_CAPTURE_AUTORELEASING = YES;
				CLANG_WARN_BOOL_CONVERSION = YES;
				CLANG_WARN_COMMA = YES;
				CLANG_WARN_CONSTANT_CONVERSION = YES;
				CLANG_WARN_DEPRECATED_OBJC_IMPLEMENTATIONS = YES;
				CLANG_WARN_DIRECT_OBJC_ISA_USAGE = YES_ERROR;
				CLANG_WARN_DOCUMENTATION_COMMENTS = YES;
				CLANG_WARN_EMPTY_BODY = YES;
				CLANG_WARN_ENUM_CONVERSION = YES;
				CLANG_WARN_INFINITE_RECURSION = YES;
				CLANG_WARN_INT_CONVERSION = YES;
				CLANG_WARN_NON_LITERAL_NULL_CONVERSION = YES;
				CLANG_WARN_OBJC_IMPLICIT_RETAIN_SELF = YES;
				CLANG_WARN_OBJC_LITERAL_CONVERSION = YES;
				CLANG_WARN_OBJC_ROOT_CLASS = YES_ERROR;
				CLANG_WARN_QUOTED_INCLUDE_IN_FRAMEWORK_HEADER = YES;
				CLANG_WARN_RANGE_LOOP_ANALYSIS = YES;
				CLANG_WARN_STRICT_PROTOTYPES = YES;
				CLANG_WARN_SUSPICIOUS_MOVE = YES;
				CLANG_WARN_UNGUARDED_AVAILABILITY = YES_AGGRESSIVE;
				CLANG_WARN_UNREACHABLE_CODE = YES;
				CLANG_WARN__DUPLICATE_METHOD_MATCH = YES;
				COPY_PHASE_STRIP = NO;
				DEBUG_INFORMATION_FORMAT = "dwarf-with-dsym";
				ENABLE_NS_ASSERTIONS = NO;
				ENABLE_STRICT_OBJC_MSGSEND = YES;
				GCC_C_LANGUAGE_STANDARD = gnu11;
				GCC_NO_COMMON_BLOCKS = YES;
				GCC_WARN_64_TO_32_BIT_CONVERSION = YES;
				GCC_WARN_ABOUT_RETURN_TYPE = YES_ERROR;
				GCC_WARN_UNDECLARED_SELECTOR = YES;
				GCC_WARN_UNINITIALIZED_AUTOS = YES_AGGRESSIVE;
				GCC_WARN_UNUSED_FUNCTION = YES;
				GCC_WARN_UNUSED_VARIABLE = YES;
				IPHONEOS_DEPLOYMENT_TARGET = 14.0;
				MTL_ENABLE_DEBUG_INFO = NO;
				MTL_FAST_MATH = YES;
				SDKROOT = iphoneos;
				VALIDATE_PRODUCT = YES;
			};
			name = Release;
		};
		3C212D862522851300B03A05 /* Debug */ = {
			isa = XCBuildConfiguration;
			buildSettings = {
				ASSETCATALOG_COMPILER_APPICON_NAME = AppIcon;
				ASSETCATALOG_COMPILER_GLOBAL_ACCENT_COLOR_NAME = AccentColor;
				CODE_SIGN_STYLE = Automatic;
				DEVELOPMENT_TEAM = 268JS24689;
				INFOPLIST_FILE = "Journal-ObjC/Resources/Info.plist";
				LD_RUNPATH_SEARCH_PATHS = (
					"$(inherited)",
					"@executable_path/Frameworks",
				);
				PRODUCT_BUNDLE_IDENTIFIER = "com.koceja.Journal-ObjC";
				PRODUCT_NAME = "$(TARGET_NAME)";
				TARGETED_DEVICE_FAMILY = "1,2";
			};
			name = Debug;
		};
		3C212D872522851300B03A05 /* Release */ = {
			isa = XCBuildConfiguration;
			buildSettings = {
				ASSETCATALOG_COMPILER_APPICON_NAME = AppIcon;
				ASSETCATALOG_COMPILER_GLOBAL_ACCENT_COLOR_NAME = AccentColor;
				CODE_SIGN_STYLE = Automatic;
				DEVELOPMENT_TEAM = 268JS24689;
				INFOPLIST_FILE = "Journal-ObjC/Resources/Info.plist";
				LD_RUNPATH_SEARCH_PATHS = (
					"$(inherited)",
					"@executable_path/Frameworks",
				);
				PRODUCT_BUNDLE_IDENTIFIER = "com.koceja.Journal-ObjC";
				PRODUCT_NAME = "$(TARGET_NAME)";
				TARGETED_DEVICE_FAMILY = "1,2";
			};
			name = Release;
		};
/* End XCBuildConfiguration section */

/* Begin XCConfigurationList section */
		3C212D672522851200B03A05 /* Build configuration list for PBXProject "Journal-ObjC" */ = {
			isa = XCConfigurationList;
			buildConfigurations = (
				3C212D832522851300B03A05 /* Debug */,
				3C212D842522851300B03A05 /* Release */,
			);
			defaultConfigurationIsVisible = 0;
			defaultConfigurationName = Release;
		};
		3C212D852522851300B03A05 /* Build configuration list for PBXNativeTarget "Journal-ObjC" */ = {
			isa = XCConfigurationList;
			buildConfigurations = (
				3C212D862522851300B03A05 /* Debug */,
				3C212D872522851300B03A05 /* Release */,
			);
			defaultConfigurationIsVisible = 0;
			defaultConfigurationName = Release;
		};
/* End XCConfigurationList section */
	};
	rootObject = 3C212D642522851200B03A05 /* Project object */;
}
